
Microsoft Visual Studio Solution File, Format Version 12.00
# Visual Studio 15
VisualStudioVersion = 15.0.27703.2035
MinimumVisualStudioVersion = 10.0.40219.1
Project("{FAE04EC0-301F-11D3-BF4B-00C04F79EFBC}") = "Boom", "Boom\Boom.csproj", "{2BABBD55-C3AA-4B4A-BE26-9F1C617CD053}"
EndProject
Global
	GlobalSection(SolutionConfigurationPlatforms) = preSolution
		Debug|Any CPU = Debug|Any CPU
		Release|Any CPU = Release|Any CPU
	EndGlobalSection
	GlobalSection(ProjectConfigurationPlatforms) = postSolution
		{2BABBD55-C3AA-4B4A-BE26-9F1C617CD053}.Debug|Any CPU.ActiveCfg = Debug|Any CPU
		{2BABBD55-C3AA-4B4A-BE26-9F1C617CD053}.Debug|Any CPU.Build.0 = Debug|Any CPU
		{2BABBD55-C3AA-4B4A-BE26-9F1C617CD053}.Release|Any CPU.ActiveCfg = Release|Any CPU
		{2BABBD55-C3AA-4B4A-BE26-9F1C617CD053}.Release|Any CPU.Build.0 = Release|Any CPU
	EndGlobalSection
	GlobalSection(SolutionProperties) = preSolution
		HideSolutionNode = FALSE
	EndGlobalSection
	GlobalSection(ExtensibilityGlobals) = postSolution
		SolutionGuid = {5B42A994-B28B-499E-B1A1-A4D06A9CA965}
	EndGlobalSection
EndGlobal
